
Microsoft Visual Studio Solution File, Format Version 12.00
# Visual Studio Version 16
VisualStudioVersion = 16.0.29519.87
MinimumVisualStudioVersion = 10.0.40219.1
Project("{FAE04EC0-301F-11D3-BF4B-00C04F79EFBC}") = "IMT", "IMT\IMT.csproj", "{53EB70B5-47B0-407A-BE74-B599F1C235F0}"
EndProject
Project("{FAE04EC0-301F-11D3-BF4B-00C04F79EFBC}") = "DotsLength", "DotsLength\DotsLength.csproj", "{5D1881AC-3AE6-4921-82F2-6E59A0BCD487}"
EndProject
Project("{FAE04EC0-301F-11D3-BF4B-00C04F79EFBC}") = "NumsExchange", "NumsExchange\NumsExchange.csproj", "{7E6933DA-5224-40FE-BC99-64DB0D6B9C94}"
EndProject
Project("{FAE04EC0-301F-11D3-BF4B-00C04F79EFBC}") = "MethodsLib", "MethodsLib\MethodsLib.csproj", "{D412A6E5-5A5C-4789-8BE7-F601B34D7BDD}"
EndProject
Project("{FAE04EC0-301F-11D3-BF4B-00C04F79EFBC}") = "TextPositioning", "TextPositioning\TextPositioning.csproj", "{D1ED93C2-4F4B-4DB9-B934-0CC2CD4B1BBE}"
EndProject
Project("{2150E333-8FDC-42A3-9474-1A3956D46DE8}") = "Lesson1", "Lesson1", "{A01F4AA3-ED21-4352-9644-DF9C8D2390EA}"
EndProject
Project("{2150E333-8FDC-42A3-9474-1A3956D46DE8}") = "Lesson2", "Lesson2", "{194821E3-028A-4669-826A-03F7D59D704A}"
EndProject
Project("{FAE04EC0-301F-11D3-BF4B-00C04F79EFBC}") = "File", "Lesson1StartUp\File.csproj", "{EE5595CC-E580-40E4-9C83-70E271D34836}"
EndProject
Project("{FAE04EC0-301F-11D3-BF4B-00C04F79EFBC}") = "HomeWorkLesson2MainBranch", "Lesson2\HomeWorkLesson2MainBranch.csproj", "{3494CD1F-B3EF-480C-B21E-203B12C35129}"
EndProject
Project("{2150E333-8FDC-42A3-9474-1A3956D46DE8}") = "Lesson3", "Lesson3", "{1AA80CF8-0776-4E8C-8E3D-748E496D8F5B}"
EndProject
Project("{FAE04EC0-301F-11D3-BF4B-00C04F79EFBC}") = "HomeWork3", "HomeWork3\HomeWork3.csproj", "{DD4AF60F-F952-451E-B741-7303BF6BE4BD}"
EndProject
Project("{2150E333-8FDC-42A3-9474-1A3956D46DE8}") = "Lesson4", "Lesson4", "{E8FECEBB-5854-4CB1-9C27-D140AE9A2B79}"
EndProject
Project("{FAE04EC0-301F-11D3-BF4B-00C04F79EFBC}") = "Lesson4MainBranch", "Lesson3MainBranch\Lesson4MainBranch.csproj", "{5ADF8467-8262-48C8-B246-02C0C86DC749}"
EndProject
Project("{2150E333-8FDC-42A3-9474-1A3956D46DE8}") = "Lesson5", "Lesson5", "{593E8F2A-6454-4E8F-8DB9-0AC41D840074}"
EndProject
Project("{FAE04EC0-301F-11D3-BF4B-00C04F79EFBC}") = "Lesson5HomeWork", "Lesson5HomeWork\Lesson5HomeWork.csproj", "{8248E7DF-FF9C-4E23-8457-701B7E92D22C}"
EndProject
Project("{2150E333-8FDC-42A3-9474-1A3956D46DE8}") = "Lesson6", "Lesson6", "{CDC3AD96-B61D-4C25-B45A-621535A59E77}"
EndProject
Project("{FAE04EC0-301F-11D3-BF4B-00C04F79EFBC}") = "HomeWork6Branch", "HomeWork6Branch\HomeWork6Branch.csproj", "{404AAFCD-7F47-422C-A4A4-0F1F14C30AEE}"
EndProject
Project("{2150E333-8FDC-42A3-9474-1A3956D46DE8}") = "Lesson7", "Lesson7", "{31CB4C5A-DF14-43D2-9836-9106828188D0}"
EndProject
Project("{FAE04EC0-301F-11D3-BF4B-00C04F79EFBC}") = "UdvoitelGame", "WonFormsGames\UdvoitelGame.csproj", "{0C337AD9-3259-4BC7-ACCB-6C195536D809}"
EndProject
Project("{FAE04EC0-301F-11D3-BF4B-00C04F79EFBC}") = "GuessGame", "GuessGame\GuessGame.csproj", "{BA46E3FC-A8A9-4124-AA80-F08F006723E3}"
EndProject
Project("{2150E333-8FDC-42A3-9474-1A3956D46DE8}") = "Lesson8", "Lesson8", "{03F6CC56-FB92-43FB-B008-A21D0D71BA23}"
EndProject
Project("{FAE04EC0-301F-11D3-BF4B-00C04F79EFBC}") = "TrueFalseNew", "TrueFalseNew\TrueFalseNew.csproj", "{92194363-75B8-4C0B-839B-7B8F6CCA0A61}"
EndProject
Global
	GlobalSection(SolutionConfigurationPlatforms) = preSolution
		Debug|Any CPU = Debug|Any CPU
		Release|Any CPU = Release|Any CPU
	EndGlobalSection
	GlobalSection(ProjectConfigurationPlatforms) = postSolution
		{53EB70B5-47B0-407A-BE74-B599F1C235F0}.Debug|Any CPU.ActiveCfg = Debug|Any CPU
		{53EB70B5-47B0-407A-BE74-B599F1C235F0}.Debug|Any CPU.Build.0 = Debug|Any CPU
		{53EB70B5-47B0-407A-BE74-B599F1C235F0}.Release|Any CPU.ActiveCfg = Release|Any CPU
		{53EB70B5-47B0-407A-BE74-B599F1C235F0}.Release|Any CPU.Build.0 = Release|Any CPU
		{5D1881AC-3AE6-4921-82F2-6E59A0BCD487}.Debug|Any CPU.ActiveCfg = Debug|Any CPU
		{5D1881AC-3AE6-4921-82F2-6E59A0BCD487}.Debug|Any CPU.Build.0 = Debug|Any CPU
		{5D1881AC-3AE6-4921-82F2-6E59A0BCD487}.Release|Any CPU.ActiveCfg = Release|Any CPU
		{5D1881AC-3AE6-4921-82F2-6E59A0BCD487}.Release|Any CPU.Build.0 = Release|Any CPU
		{7E6933DA-5224-40FE-BC99-64DB0D6B9C94}.Debug|Any CPU.ActiveCfg = Debug|Any CPU
		{7E6933DA-5224-40FE-BC99-64DB0D6B9C94}.Debug|Any CPU.Build.0 = Debug|Any CPU
		{7E6933DA-5224-40FE-BC99-64DB0D6B9C94}.Release|Any CPU.ActiveCfg = Release|Any CPU
		{7E6933DA-5224-40FE-BC99-64DB0D6B9C94}.Release|Any CPU.Build.0 = Release|Any CPU
		{D412A6E5-5A5C-4789-8BE7-F601B34D7BDD}.Debug|Any CPU.ActiveCfg = Debug|Any CPU
		{D412A6E5-5A5C-4789-8BE7-F601B34D7BDD}.Debug|Any CPU.Build.0 = Debug|Any CPU
		{D412A6E5-5A5C-4789-8BE7-F601B34D7BDD}.Release|Any CPU.ActiveCfg = Release|Any CPU
		{D412A6E5-5A5C-4789-8BE7-F601B34D7BDD}.Release|Any CPU.Build.0 = Release|Any CPU
		{D1ED93C2-4F4B-4DB9-B934-0CC2CD4B1BBE}.Debug|Any CPU.ActiveCfg = Debug|Any CPU
		{D1ED93C2-4F4B-4DB9-B934-0CC2CD4B1BBE}.Debug|Any CPU.Build.0 = Debug|Any CPU
		{D1ED93C2-4F4B-4DB9-B934-0CC2CD4B1BBE}.Release|Any CPU.ActiveCfg = Release|Any CPU
		{D1ED93C2-4F4B-4DB9-B934-0CC2CD4B1BBE}.Release|Any CPU.Build.0 = Release|Any CPU
		{EE5595CC-E580-40E4-9C83-70E271D34836}.Debug|Any CPU.ActiveCfg = Debug|Any CPU
		{EE5595CC-E580-40E4-9C83-70E271D34836}.Debug|Any CPU.Build.0 = Debug|Any CPU
		{EE5595CC-E580-40E4-9C83-70E271D34836}.Release|Any CPU.ActiveCfg = Release|Any CPU
		{EE5595CC-E580-40E4-9C83-70E271D34836}.Release|Any CPU.Build.0 = Release|Any CPU
		{3494CD1F-B3EF-480C-B21E-203B12C35129}.Debug|Any CPU.ActiveCfg = Debug|Any CPU
		{3494CD1F-B3EF-480C-B21E-203B12C35129}.Debug|Any CPU.Build.0 = Debug|Any CPU
		{3494CD1F-B3EF-480C-B21E-203B12C35129}.Release|Any CPU.ActiveCfg = Release|Any CPU
		{3494CD1F-B3EF-480C-B21E-203B12C35129}.Release|Any CPU.Build.0 = Release|Any CPU
		{DD4AF60F-F952-451E-B741-7303BF6BE4BD}.Debug|Any CPU.ActiveCfg = Debug|Any CPU
		{DD4AF60F-F952-451E-B741-7303BF6BE4BD}.Debug|Any CPU.Build.0 = Debug|Any CPU
		{DD4AF60F-F952-451E-B741-7303BF6BE4BD}.Release|Any CPU.ActiveCfg = Release|Any CPU
		{DD4AF60F-F952-451E-B741-7303BF6BE4BD}.Release|Any CPU.Build.0 = Release|Any CPU
		{5ADF8467-8262-48C8-B246-02C0C86DC749}.Debug|Any CPU.ActiveCfg = Debug|Any CPU
		{5ADF8467-8262-48C8-B246-02C0C86DC749}.Debug|Any CPU.Build.0 = Debug|Any CPU
		{5ADF8467-8262-48C8-B246-02C0C86DC749}.Release|Any CPU.ActiveCfg = Release|Any CPU
		{5ADF8467-8262-48C8-B246-02C0C86DC749}.Release|Any CPU.Build.0 = Release|Any CPU
		{8248E7DF-FF9C-4E23-8457-701B7E92D22C}.Debug|Any CPU.ActiveCfg = Debug|Any CPU
		{8248E7DF-FF9C-4E23-8457-701B7E92D22C}.Debug|Any CPU.Build.0 = Debug|Any CPU
		{8248E7DF-FF9C-4E23-8457-701B7E92D22C}.Release|Any CPU.ActiveCfg = Release|Any CPU
		{8248E7DF-FF9C-4E23-8457-701B7E92D22C}.Release|Any CPU.Build.0 = Release|Any CPU
		{404AAFCD-7F47-422C-A4A4-0F1F14C30AEE}.Debug|Any CPU.ActiveCfg = Debug|Any CPU
		{404AAFCD-7F47-422C-A4A4-0F1F14C30AEE}.Debug|Any CPU.Build.0 = Debug|Any CPU
		{404AAFCD-7F47-422C-A4A4-0F1F14C30AEE}.Release|Any CPU.ActiveCfg = Release|Any CPU
		{404AAFCD-7F47-422C-A4A4-0F1F14C30AEE}.Release|Any CPU.Build.0 = Release|Any CPU
		{0C337AD9-3259-4BC7-ACCB-6C195536D809}.Debug|Any CPU.ActiveCfg = Debug|Any CPU
		{0C337AD9-3259-4BC7-ACCB-6C195536D809}.Debug|Any CPU.Build.0 = Debug|Any CPU
		{0C337AD9-3259-4BC7-ACCB-6C195536D809}.Release|Any CPU.ActiveCfg = Release|Any CPU
		{0C337AD9-3259-4BC7-ACCB-6C195536D809}.Release|Any CPU.Build.0 = Release|Any CPU
		{BA46E3FC-A8A9-4124-AA80-F08F006723E3}.Debug|Any CPU.ActiveCfg = Debug|Any CPU
		{BA46E3FC-A8A9-4124-AA80-F08F006723E3}.Debug|Any CPU.Build.0 = Debug|Any CPU
		{BA46E3FC-A8A9-4124-AA80-F08F006723E3}.Release|Any CPU.ActiveCfg = Release|Any CPU
		{BA46E3FC-A8A9-4124-AA80-F08F006723E3}.Release|Any CPU.Build.0 = Release|Any CPU
		{92194363-75B8-4C0B-839B-7B8F6CCA0A61}.Debug|Any CPU.ActiveCfg = Debug|Any CPU
		{92194363-75B8-4C0B-839B-7B8F6CCA0A61}.Debug|Any CPU.Build.0 = Debug|Any CPU
		{92194363-75B8-4C0B-839B-7B8F6CCA0A61}.Release|Any CPU.ActiveCfg = Release|Any CPU
		{92194363-75B8-4C0B-839B-7B8F6CCA0A61}.Release|Any CPU.Build.0 = Release|Any CPU
	EndGlobalSection
	GlobalSection(SolutionProperties) = preSolution
		HideSolutionNode = FALSE
	EndGlobalSection
	GlobalSection(NestedProjects) = preSolution
		{53EB70B5-47B0-407A-BE74-B599F1C235F0} = {A01F4AA3-ED21-4352-9644-DF9C8D2390EA}
		{5D1881AC-3AE6-4921-82F2-6E59A0BCD487} = {A01F4AA3-ED21-4352-9644-DF9C8D2390EA}
		{7E6933DA-5224-40FE-BC99-64DB0D6B9C94} = {A01F4AA3-ED21-4352-9644-DF9C8D2390EA}
		{D412A6E5-5A5C-4789-8BE7-F601B34D7BDD} = {A01F4AA3-ED21-4352-9644-DF9C8D2390EA}
		{D1ED93C2-4F4B-4DB9-B934-0CC2CD4B1BBE} = {A01F4AA3-ED21-4352-9644-DF9C8D2390EA}
		{EE5595CC-E580-40E4-9C83-70E271D34836} = {A01F4AA3-ED21-4352-9644-DF9C8D2390EA}
		{3494CD1F-B3EF-480C-B21E-203B12C35129} = {194821E3-028A-4669-826A-03F7D59D704A}
		{DD4AF60F-F952-451E-B741-7303BF6BE4BD} = {1AA80CF8-0776-4E8C-8E3D-748E496D8F5B}
		{5ADF8467-8262-48C8-B246-02C0C86DC749} = {E8FECEBB-5854-4CB1-9C27-D140AE9A2B79}
		{8248E7DF-FF9C-4E23-8457-701B7E92D22C} = {593E8F2A-6454-4E8F-8DB9-0AC41D840074}
		{404AAFCD-7F47-422C-A4A4-0F1F14C30AEE} = {CDC3AD96-B61D-4C25-B45A-621535A59E77}
		{0C337AD9-3259-4BC7-ACCB-6C195536D809} = {31CB4C5A-DF14-43D2-9836-9106828188D0}
		{BA46E3FC-A8A9-4124-AA80-F08F006723E3} = {31CB4C5A-DF14-43D2-9836-9106828188D0}
		{92194363-75B8-4C0B-839B-7B8F6CCA0A61} = {03F6CC56-FB92-43FB-B008-A21D0D71BA23}
	EndGlobalSection
	GlobalSection(ExtensibilityGlobals) = postSolution
		SolutionGuid = {42571E11-5B56-473B-BF0B-AB04D6A29DCD}
	EndGlobalSection
EndGlobal
