
Microsoft Visual Studio Solution File, Format Version 12.00
# Visual Studio Version 16
VisualStudioVersion = 16.0.29519.87
MinimumVisualStudioVersion = 10.0.40219.1
Project("{FAE04EC0-301F-11D3-BF4B-00C04F79EFBC}") = "IMT", "IMT\IMT.csproj", "{53EB70B5-47B0-407A-BE74-B599F1C235F0}"
EndProject
Project("{FAE04EC0-301F-11D3-BF4B-00C04F79EFBC}") = "DotsLength", "DotsLength\DotsLength.csproj", "{5D1881AC-3AE6-4921-82F2-6E59A0BCD487}"
EndProject
Project("{FAE04EC0-301F-11D3-BF4B-00C04F79EFBC}") = "NumsExchange", "NumsExchange\NumsExchange.csproj", "{7E6933DA-5224-40FE-BC99-64DB0D6B9C94}"
EndProject
Project("{FAE04EC0-301F-11D3-BF4B-00C04F79EFBC}") = "MethodsLib", "MethodsLib\MethodsLib.csproj", "{D412A6E5-5A5C-4789-8BE7-F601B34D7BDD}"
EndProject
Project("{FAE04EC0-301F-11D3-BF4B-00C04F79EFBC}") = "TextPositioning", "TextPositioning\TextPositioning.csproj", "{D1ED93C2-4F4B-4DB9-B934-0CC2CD4B1BBE}"
EndProject
Project("{2150E333-8FDC-42A3-9474-1A3956D46DE8}") = "Lesson1", "Lesson1", "{A01F4AA3-ED21-4352-9644-DF9C8D2390EA}"
EndProject
Project("{2150E333-8FDC-42A3-9474-1A3956D46DE8}") = "Lesson2", "Lesson2", "{194821E3-028A-4669-826A-03F7D59D704A}"
EndProject
Project("{FAE04EC0-301F-11D3-BF4B-00C04F79EFBC}") = "File", "Lesson1StartUp\File.csproj", "{EE5595CC-E580-40E4-9C83-70E271D34836}"
EndProject
Project("{FAE04EC0-301F-11D3-BF4B-00C04F79EFBC}") = "HomeWorkLesson2MainBranch", "Lesson2\HomeWorkLesson2MainBranch.csproj", "{3494CD1F-B3EF-480C-B21E-203B12C35129}"
EndProject
Global
	GlobalSection(SolutionConfigurationPlatforms) = preSolution
		Debug|Any CPU = Debug|Any CPU
		Release|Any CPU = Release|Any CPU
	EndGlobalSection
	GlobalSection(ProjectConfigurationPlatforms) = postSolution
		{53EB70B5-47B0-407A-BE74-B599F1C235F0}.Debug|Any CPU.ActiveCfg = Debug|Any CPU
		{53EB70B5-47B0-407A-BE74-B599F1C235F0}.Debug|Any CPU.Build.0 = Debug|Any CPU
		{53EB70B5-47B0-407A-BE74-B599F1C235F0}.Release|Any CPU.ActiveCfg = Release|Any CPU
		{53EB70B5-47B0-407A-BE74-B599F1C235F0}.Release|Any CPU.Build.0 = Release|Any CPU
		{5D1881AC-3AE6-4921-82F2-6E59A0BCD487}.Debug|Any CPU.ActiveCfg = Debug|Any CPU
		{5D1881AC-3AE6-4921-82F2-6E59A0BCD487}.Debug|Any CPU.Build.0 = Debug|Any CPU
		{5D1881AC-3AE6-4921-82F2-6E59A0BCD487}.Release|Any CPU.ActiveCfg = Release|Any CPU
		{5D1881AC-3AE6-4921-82F2-6E59A0BCD487}.Release|Any CPU.Build.0 = Release|Any CPU
		{7E6933DA-5224-40FE-BC99-64DB0D6B9C94}.Debug|Any CPU.ActiveCfg = Debug|Any CPU
		{7E6933DA-5224-40FE-BC99-64DB0D6B9C94}.Debug|Any CPU.Build.0 = Debug|Any CPU
		{7E6933DA-5224-40FE-BC99-64DB0D6B9C94}.Release|Any CPU.ActiveCfg = Release|Any CPU
		{7E6933DA-5224-40FE-BC99-64DB0D6B9C94}.Release|Any CPU.Build.0 = Release|Any CPU
		{D412A6E5-5A5C-4789-8BE7-F601B34D7BDD}.Debug|Any CPU.ActiveCfg = Debug|Any CPU
		{D412A6E5-5A5C-4789-8BE7-F601B34D7BDD}.Debug|Any CPU.Build.0 = Debug|Any CPU
		{D412A6E5-5A5C-4789-8BE7-F601B34D7BDD}.Release|Any CPU.ActiveCfg = Release|Any CPU
		{D412A6E5-5A5C-4789-8BE7-F601B34D7BDD}.Release|Any CPU.Build.0 = Release|Any CPU
		{D1ED93C2-4F4B-4DB9-B934-0CC2CD4B1BBE}.Debug|Any CPU.ActiveCfg = Debug|Any CPU
		{D1ED93C2-4F4B-4DB9-B934-0CC2CD4B1BBE}.Debug|Any CPU.Build.0 = Debug|Any CPU
		{D1ED93C2-4F4B-4DB9-B934-0CC2CD4B1BBE}.Release|Any CPU.ActiveCfg = Release|Any CPU
		{D1ED93C2-4F4B-4DB9-B934-0CC2CD4B1BBE}.Release|Any CPU.Build.0 = Release|Any CPU
		{EE5595CC-E580-40E4-9C83-70E271D34836}.Debug|Any CPU.ActiveCfg = Debug|Any CPU
		{EE5595CC-E580-40E4-9C83-70E271D34836}.Debug|Any CPU.Build.0 = Debug|Any CPU
		{EE5595CC-E580-40E4-9C83-70E271D34836}.Release|Any CPU.ActiveCfg = Release|Any CPU
		{EE5595CC-E580-40E4-9C83-70E271D34836}.Release|Any CPU.Build.0 = Release|Any CPU
		{3494CD1F-B3EF-480C-B21E-203B12C35129}.Debug|Any CPU.ActiveCfg = Debug|Any CPU
		{3494CD1F-B3EF-480C-B21E-203B12C35129}.Debug|Any CPU.Build.0 = Debug|Any CPU
		{3494CD1F-B3EF-480C-B21E-203B12C35129}.Release|Any CPU.ActiveCfg = Release|Any CPU
		{3494CD1F-B3EF-480C-B21E-203B12C35129}.Release|Any CPU.Build.0 = Release|Any CPU
	EndGlobalSection
	GlobalSection(SolutionProperties) = preSolution
		HideSolutionNode = FALSE
	EndGlobalSection
	GlobalSection(NestedProjects) = preSolution
		{53EB70B5-47B0-407A-BE74-B599F1C235F0} = {A01F4AA3-ED21-4352-9644-DF9C8D2390EA}
		{5D1881AC-3AE6-4921-82F2-6E59A0BCD487} = {A01F4AA3-ED21-4352-9644-DF9C8D2390EA}
		{7E6933DA-5224-40FE-BC99-64DB0D6B9C94} = {A01F4AA3-ED21-4352-9644-DF9C8D2390EA}
		{D412A6E5-5A5C-4789-8BE7-F601B34D7BDD} = {A01F4AA3-ED21-4352-9644-DF9C8D2390EA}
		{D1ED93C2-4F4B-4DB9-B934-0CC2CD4B1BBE} = {A01F4AA3-ED21-4352-9644-DF9C8D2390EA}
		{EE5595CC-E580-40E4-9C83-70E271D34836} = {A01F4AA3-ED21-4352-9644-DF9C8D2390EA}
		{3494CD1F-B3EF-480C-B21E-203B12C35129} = {194821E3-028A-4669-826A-03F7D59D704A}
	EndGlobalSection
	GlobalSection(ExtensibilityGlobals) = postSolution
		SolutionGuid = {42571E11-5B56-473B-BF0B-AB04D6A29DCD}
	EndGlobalSection
EndGlobal
